
Microsoft Visual Studio Solution File, Format Version 12.00
# Visual Studio Version 17
VisualStudioVersion = 17.13.35818.85 d17.13
MinimumVisualStudioVersion = 10.0.40219.1
Project("{2150E333-8FDC-42A3-9474-1A3956D46DE8}") = "src", "src", "{02EA681E-C7D8-13C7-8484-4AC65E1B71E8}"
EndProject
Project("{2150E333-8FDC-42A3-9474-1A3956D46DE8}") = "test", "test", "{8AB891E3-9BEC-42D5-B39A-B81C57F7F709}"
EndProject
Project("{FAE04EC0-301F-11D3-BF4B-00C04F79EFBC}") = "App.Domain", "App.Domain\App.Domain.csproj", "{00060FD9-3643-4EF8-B486-96008358D798}"
EndProject
Project("{2150E333-8FDC-42A3-9474-1A3956D46DE8}") = "Core", "Core", "{600F0BA7-0772-4211-B793-C9546FCDAE08}"
EndProject
Project("{FAE04EC0-301F-11D3-BF4B-00C04F79EFBC}") = "App.Application", "App.Application\App.Application.csproj", "{2844B8D4-A2C5-480B-ACDE-E9FC7B7A7100}"
EndProject
Project("{2150E333-8FDC-42A3-9474-1A3956D46DE8}") = "Infrasctuckture", "Infrasctuckture", "{BD76DEA5-C8C6-4B98-A3F8-32CB69CCD4A4}"
EndProject
Project("{FAE04EC0-301F-11D3-BF4B-00C04F79EFBC}") = "App.Persistence", "App.Persistence\App.Persistence.csproj", "{0A0430DB-74ED-4CEB-8E1E-E6C2A195905F}"
EndProject
Project("{2150E333-8FDC-42A3-9474-1A3956D46DE8}") = "API", "API", "{E5AA49C3-F294-42C8-B6C8-06CEC6205D77}"
EndProject
Project("{FAE04EC0-301F-11D3-BF4B-00C04F79EFBC}") = "App.API", "App.API\App.API.csproj", "{E498D8F9-B396-4D7A-A51E-C19C9FB463DB}"
EndProject
Global
	GlobalSection(SolutionConfigurationPlatforms) = preSolution
		Debug|Any CPU = Debug|Any CPU
		Release|Any CPU = Release|Any CPU
	EndGlobalSection
	GlobalSection(ProjectConfigurationPlatforms) = postSolution
		{00060FD9-3643-4EF8-B486-96008358D798}.Debug|Any CPU.ActiveCfg = Debug|Any CPU
		{00060FD9-3643-4EF8-B486-96008358D798}.Debug|Any CPU.Build.0 = Debug|Any CPU
		{00060FD9-3643-4EF8-B486-96008358D798}.Release|Any CPU.ActiveCfg = Release|Any CPU
		{00060FD9-3643-4EF8-B486-96008358D798}.Release|Any CPU.Build.0 = Release|Any CPU
		{2844B8D4-A2C5-480B-ACDE-E9FC7B7A7100}.Debug|Any CPU.ActiveCfg = Debug|Any CPU
		{2844B8D4-A2C5-480B-ACDE-E9FC7B7A7100}.Debug|Any CPU.Build.0 = Debug|Any CPU
		{2844B8D4-A2C5-480B-ACDE-E9FC7B7A7100}.Release|Any CPU.ActiveCfg = Release|Any CPU
		{2844B8D4-A2C5-480B-ACDE-E9FC7B7A7100}.Release|Any CPU.Build.0 = Release|Any CPU
		{0A0430DB-74ED-4CEB-8E1E-E6C2A195905F}.Debug|Any CPU.ActiveCfg = Debug|Any CPU
		{0A0430DB-74ED-4CEB-8E1E-E6C2A195905F}.Debug|Any CPU.Build.0 = Debug|Any CPU
		{0A0430DB-74ED-4CEB-8E1E-E6C2A195905F}.Release|Any CPU.ActiveCfg = Release|Any CPU
		{0A0430DB-74ED-4CEB-8E1E-E6C2A195905F}.Release|Any CPU.Build.0 = Release|Any CPU
		{E498D8F9-B396-4D7A-A51E-C19C9FB463DB}.Debug|Any CPU.ActiveCfg = Debug|Any CPU
		{E498D8F9-B396-4D7A-A51E-C19C9FB463DB}.Debug|Any CPU.Build.0 = Debug|Any CPU
		{E498D8F9-B396-4D7A-A51E-C19C9FB463DB}.Release|Any CPU.ActiveCfg = Release|Any CPU
		{E498D8F9-B396-4D7A-A51E-C19C9FB463DB}.Release|Any CPU.Build.0 = Release|Any CPU
	EndGlobalSection
	GlobalSection(SolutionProperties) = preSolution
		HideSolutionNode = FALSE
	EndGlobalSection
	GlobalSection(NestedProjects) = preSolution
		{00060FD9-3643-4EF8-B486-96008358D798} = {600F0BA7-0772-4211-B793-C9546FCDAE08}
		{600F0BA7-0772-4211-B793-C9546FCDAE08} = {02EA681E-C7D8-13C7-8484-4AC65E1B71E8}
		{2844B8D4-A2C5-480B-ACDE-E9FC7B7A7100} = {600F0BA7-0772-4211-B793-C9546FCDAE08}
		{BD76DEA5-C8C6-4B98-A3F8-32CB69CCD4A4} = {02EA681E-C7D8-13C7-8484-4AC65E1B71E8}
		{0A0430DB-74ED-4CEB-8E1E-E6C2A195905F} = {BD76DEA5-C8C6-4B98-A3F8-32CB69CCD4A4}
		{E5AA49C3-F294-42C8-B6C8-06CEC6205D77} = {02EA681E-C7D8-13C7-8484-4AC65E1B71E8}
		{E498D8F9-B396-4D7A-A51E-C19C9FB463DB} = {E5AA49C3-F294-42C8-B6C8-06CEC6205D77}
	EndGlobalSection
	GlobalSection(ExtensibilityGlobals) = postSolution
		SolutionGuid = {A018BA90-9F6F-4F96-B418-DCE42E265BBC}
	EndGlobalSection
EndGlobal
